// !$*UTF8*$!
{
	archiveVersion = 1;
	classes = {
	};
	objectVersion = 50;
	objects = {

/* Begin PBXBuildFile section */
		0017F2B323050888008AD9BD /* HtmlTableViewCell.m in Sources */ = {isa = PBXBuildFile; fileRef = 0017F2B223050888008AD9BD /* HtmlTableViewCell.m */; };
		004C3C202302881B00AE7F28 /* AppDelegate.m in Sources */ = {isa = PBXBuildFile; fileRef = 004C3C1F2302881B00AE7F28 /* AppDelegate.m */; };
		004C3C232302881B00AE7F28 /* ViewController.m in Sources */ = {isa = PBXBuildFile; fileRef = 004C3C222302881B00AE7F28 /* ViewController.m */; };
		004C3C262302881B00AE7F28 /* Main.storyboard in Resources */ = {isa = PBXBuildFile; fileRef = 004C3C242302881B00AE7F28 /* Main.storyboard */; };
		004C3C282302881E00AE7F28 /* Assets.xcassets in Resources */ = {isa = PBXBuildFile; fileRef = 004C3C272302881E00AE7F28 /* Assets.xcassets */; };
		004C3C2B2302881E00AE7F28 /* LaunchScreen.storyboard in Resources */ = {isa = PBXBuildFile; fileRef = 004C3C292302881E00AE7F28 /* LaunchScreen.storyboard */; };
		004C3C2E2302881F00AE7F28 /* main.m in Sources */ = {isa = PBXBuildFile; fileRef = 004C3C2D2302881F00AE7F28 /* main.m */; };
		004C3C382302881F00AE7F28 /* HTMLDemoTests.m in Sources */ = {isa = PBXBuildFile; fileRef = 004C3C372302881F00AE7F28 /* HTMLDemoTests.m */; };
		004C3C432302881F00AE7F28 /* HTMLDemoUITests.m in Sources */ = {isa = PBXBuildFile; fileRef = 004C3C422302881F00AE7F28 /* HTMLDemoUITests.m */; };
		00797B6B23067C4C00F24874 /* FirstViewController.m in Sources */ = {isa = PBXBuildFile; fileRef = 00797B6A23067C4C00F24874 /* FirstViewController.m */; };
		00797B6F23067E2100F24874 /* SecondViewController.m in Sources */ = {isa = PBXBuildFile; fileRef = 00797B6E23067E2100F24874 /* SecondViewController.m */; };
		00797B722306815000F24874 /* ThirdViewController.m in Sources */ = {isa = PBXBuildFile; fileRef = 00797B712306815000F24874 /* ThirdViewController.m */; };
		00797B752306823A00F24874 /* KSAdaptiveHTMLCell.m in Sources */ = {isa = PBXBuildFile; fileRef = 00797B742306823A00F24874 /* KSAdaptiveHTMLCell.m */; };
		00797B78230684A100F24874 /* KSAdaptiveHtmlView.m in Sources */ = {isa = PBXBuildFile; fileRef = 00797B77230684A100F24874 /* KSAdaptiveHtmlView.m */; };
		00797B7B2306888600F24874 /* FourthViewController.m in Sources */ = {isa = PBXBuildFile; fileRef = 00797B7A2306888600F24874 /* FourthViewController.m */; };
		00797B7E230689BB00F24874 /* FifthViewController.m in Sources */ = {isa = PBXBuildFile; fileRef = 00797B7D230689BB00F24874 /* FifthViewController.m */; };
		0093190723053BB700DC2424 /* KSMultistageScrollViewHelper.m in Sources */ = {isa = PBXBuildFile; fileRef = 0093190623053BB700DC2424 /* KSMultistageScrollViewHelper.m */; };
		0093191023055A6B00DC2424 /* KSMultistageScrollViewProxy.m in Sources */ = {isa = PBXBuildFile; fileRef = 0093190F23055A6B00DC2424 /* KSMultistageScrollViewProxy.m */; };
		0093192023055C9800DC2424 /* ScrollViewViewController.m in Sources */ = {isa = PBXBuildFile; fileRef = 0093191F23055C9800DC2424 /* ScrollViewViewController.m */; };
		00931923230560F700DC2424 /* KSMultistageSuperTableView.m in Sources */ = {isa = PBXBuildFile; fileRef = 00931922230560F700DC2424 /* KSMultistageSuperTableView.m */; };
		009319262305612B00DC2424 /* KSMultistageSuperScrollView.m in Sources */ = {isa = PBXBuildFile; fileRef = 009319242305612A00DC2424 /* KSMultistageSuperScrollView.m */; };
		30541C6ACCC16557F2924CA9 /* libPods-HTMLDemo.a in Frameworks */ = {isa = PBXBuildFile; fileRef = 1414372AF7D3689BC4E1CD0C /* libPods-HTMLDemo.a */; };
/* End PBXBuildFile section */

/* Begin PBXContainerItemProxy section */
		004C3C342302881F00AE7F28 /* PBXContainerItemProxy */ = {
			isa = PBXContainerItemProxy;
			containerPortal = 004C3C132302881B00AE7F28 /* Project object */;
			proxyType = 1;
			remoteGlobalIDString = 004C3C1A2302881B00AE7F28;
			remoteInfo = HTMLDemo;
		};
		004C3C3F2302881F00AE7F28 /* PBXContainerItemProxy */ = {
			isa = PBXContainerItemProxy;
			containerPortal = 004C3C132302881B00AE7F28 /* Project object */;
			proxyType = 1;
			remoteGlobalIDString = 004C3C1A2302881B00AE7F28;
			remoteInfo = HTMLDemo;
		};
/* End PBXContainerItemProxy section */

/* Begin PBXFileReference section */
		0017F2B123050888008AD9BD /* HtmlTableViewCell.h */ = {isa = PBXFileReference; lastKnownFileType = sourcecode.c.h; path = HtmlTableViewCell.h; sourceTree = "<group>"; };
		0017F2B223050888008AD9BD /* HtmlTableViewCell.m */ = {isa = PBXFileReference; lastKnownFileType = sourcecode.c.objc; path = HtmlTableViewCell.m; sourceTree = "<group>"; };
		004C3C1B2302881B00AE7F28 /* HTMLDemo.app */ = {isa = PBXFileReference; explicitFileType = wrapper.application; includeInIndex = 0; path = HTMLDemo.app; sourceTree = BUILT_PRODUCTS_DIR; };
		004C3C1E2302881B00AE7F28 /* AppDelegate.h */ = {isa = PBXFileReference; lastKnownFileType = sourcecode.c.h; path = AppDelegate.h; sourceTree = "<group>"; };
		004C3C1F2302881B00AE7F28 /* AppDelegate.m */ = {isa = PBXFileReference; lastKnownFileType = sourcecode.c.objc; path = AppDelegate.m; sourceTree = "<group>"; };
		004C3C212302881B00AE7F28 /* ViewController.h */ = {isa = PBXFileReference; lastKnownFileType = sourcecode.c.h; path = ViewController.h; sourceTree = "<group>"; };
		004C3C222302881B00AE7F28 /* ViewController.m */ = {isa = PBXFileReference; lastKnownFileType = sourcecode.c.objc; path = ViewController.m; sourceTree = "<group>"; };
		004C3C252302881B00AE7F28 /* Base */ = {isa = PBXFileReference; lastKnownFileType = file.storyboard; name = Base; path = Base.lproj/Main.storyboard; sourceTree = "<group>"; };
		004C3C272302881E00AE7F28 /* Assets.xcassets */ = {isa = PBXFileReference; lastKnownFileType = folder.assetcatalog; path = Assets.xcassets; sourceTree = "<group>"; };
		004C3C2A2302881E00AE7F28 /* Base */ = {isa = PBXFileReference; lastKnownFileType = file.storyboard; name = Base; path = Base.lproj/LaunchScreen.storyboard; sourceTree = "<group>"; };
		004C3C2C2302881E00AE7F28 /* Info.plist */ = {isa = PBXFileReference; lastKnownFileType = text.plist.xml; path = Info.plist; sourceTree = "<group>"; };
		004C3C2D2302881F00AE7F28 /* main.m */ = {isa = PBXFileReference; lastKnownFileType = sourcecode.c.objc; path = main.m; sourceTree = "<group>"; };
		004C3C332302881F00AE7F28 /* HTMLDemoTests.xctest */ = {isa = PBXFileReference; explicitFileType = wrapper.cfbundle; includeInIndex = 0; path = HTMLDemoTests.xctest; sourceTree = BUILT_PRODUCTS_DIR; };
		004C3C372302881F00AE7F28 /* HTMLDemoTests.m */ = {isa = PBXFileReference; lastKnownFileType = sourcecode.c.objc; path = HTMLDemoTests.m; sourceTree = "<group>"; };
		004C3C392302881F00AE7F28 /* Info.plist */ = {isa = PBXFileReference; lastKnownFileType = text.plist.xml; path = Info.plist; sourceTree = "<group>"; };
		004C3C3E2302881F00AE7F28 /* HTMLDemoUITests.xctest */ = {isa = PBXFileReference; explicitFileType = wrapper.cfbundle; includeInIndex = 0; path = HTMLDemoUITests.xctest; sourceTree = BUILT_PRODUCTS_DIR; };
		004C3C422302881F00AE7F28 /* HTMLDemoUITests.m */ = {isa = PBXFileReference; lastKnownFileType = sourcecode.c.objc; path = HTMLDemoUITests.m; sourceTree = "<group>"; };
		004C3C442302881F00AE7F28 /* Info.plist */ = {isa = PBXFileReference; lastKnownFileType = text.plist.xml; path = Info.plist; sourceTree = "<group>"; };
		00797B6923067C4C00F24874 /* FirstViewController.h */ = {isa = PBXFileReference; lastKnownFileType = sourcecode.c.h; path = FirstViewController.h; sourceTree = "<group>"; };
		00797B6A23067C4C00F24874 /* FirstViewController.m */ = {isa = PBXFileReference; lastKnownFileType = sourcecode.c.objc; path = FirstViewController.m; sourceTree = "<group>"; };
		00797B6D23067E2100F24874 /* SecondViewController.h */ = {isa = PBXFileReference; lastKnownFileType = sourcecode.c.h; path = SecondViewController.h; sourceTree = "<group>"; };
		00797B6E23067E2100F24874 /* SecondViewController.m */ = {isa = PBXFileReference; lastKnownFileType = sourcecode.c.objc; path = SecondViewController.m; sourceTree = "<group>"; };
		00797B702306815000F24874 /* ThirdViewController.h */ = {isa = PBXFileReference; lastKnownFileType = sourcecode.c.h; path = ThirdViewController.h; sourceTree = "<group>"; };
		00797B712306815000F24874 /* ThirdViewController.m */ = {isa = PBXFileReference; lastKnownFileType = sourcecode.c.objc; path = ThirdViewController.m; sourceTree = "<group>"; };
		00797B732306823A00F24874 /* KSAdaptiveHTMLCell.h */ = {isa = PBXFileReference; fileEncoding = 4; lastKnownFileType = sourcecode.c.h; path = KSAdaptiveHTMLCell.h; sourceTree = "<group>"; };
		00797B742306823A00F24874 /* KSAdaptiveHTMLCell.m */ = {isa = PBXFileReference; fileEncoding = 4; lastKnownFileType = sourcecode.c.objc; path = KSAdaptiveHTMLCell.m; sourceTree = "<group>"; };
		00797B76230684A100F24874 /* KSAdaptiveHtmlView.h */ = {isa = PBXFileReference; fileEncoding = 4; lastKnownFileType = sourcecode.c.h; path = KSAdaptiveHtmlView.h; sourceTree = "<group>"; };
		00797B77230684A100F24874 /* KSAdaptiveHtmlView.m */ = {isa = PBXFileReference; fileEncoding = 4; lastKnownFileType = sourcecode.c.objc; path = KSAdaptiveHtmlView.m; sourceTree = "<group>"; };
		00797B792306888600F24874 /* FourthViewController.h */ = {isa = PBXFileReference; lastKnownFileType = sourcecode.c.h; path = FourthViewController.h; sourceTree = "<group>"; };
		00797B7A2306888600F24874 /* FourthViewController.m */ = {isa = PBXFileReference; lastKnownFileType = sourcecode.c.objc; path = FourthViewController.m; sourceTree = "<group>"; };
		00797B7C230689BB00F24874 /* FifthViewController.h */ = {isa = PBXFileReference; lastKnownFileType = sourcecode.c.h; path = FifthViewController.h; sourceTree = "<group>"; };
		00797B7D230689BB00F24874 /* FifthViewController.m */ = {isa = PBXFileReference; lastKnownFileType = sourcecode.c.objc; path = FifthViewController.m; sourceTree = "<group>"; };
		0093190523053BB700DC2424 /* KSMultistageScrollViewHelper.h */ = {isa = PBXFileReference; fileEncoding = 4; lastKnownFileType = sourcecode.c.h; path = KSMultistageScrollViewHelper.h; sourceTree = "<group>"; };
		0093190623053BB700DC2424 /* KSMultistageScrollViewHelper.m */ = {isa = PBXFileReference; fileEncoding = 4; lastKnownFileType = sourcecode.c.objc; path = KSMultistageScrollViewHelper.m; sourceTree = "<group>"; };
		0093190E23055A6B00DC2424 /* KSMultistageScrollViewProxy.h */ = {isa = PBXFileReference; fileEncoding = 4; lastKnownFileType = sourcecode.c.h; path = KSMultistageScrollViewProxy.h; sourceTree = "<group>"; };
		0093190F23055A6B00DC2424 /* KSMultistageScrollViewProxy.m */ = {isa = PBXFileReference; fileEncoding = 4; lastKnownFileType = sourcecode.c.objc; path = KSMultistageScrollViewProxy.m; sourceTree = "<group>"; };
		0093191E23055C9800DC2424 /* ScrollViewViewController.h */ = {isa = PBXFileReference; lastKnownFileType = sourcecode.c.h; path = ScrollViewViewController.h; sourceTree = "<group>"; };
		0093191F23055C9800DC2424 /* ScrollViewViewController.m */ = {isa = PBXFileReference; lastKnownFileType = sourcecode.c.objc; path = ScrollViewViewController.m; sourceTree = "<group>"; };
		00931921230560F700DC2424 /* KSMultistageSuperTableView.h */ = {isa = PBXFileReference; fileEncoding = 4; lastKnownFileType = sourcecode.c.h; path = KSMultistageSuperTableView.h; sourceTree = "<group>"; };
		00931922230560F700DC2424 /* KSMultistageSuperTableView.m */ = {isa = PBXFileReference; fileEncoding = 4; lastKnownFileType = sourcecode.c.objc; path = KSMultistageSuperTableView.m; sourceTree = "<group>"; };
		009319242305612A00DC2424 /* KSMultistageSuperScrollView.m */ = {isa = PBXFileReference; fileEncoding = 4; lastKnownFileType = sourcecode.c.objc; path = KSMultistageSuperScrollView.m; sourceTree = "<group>"; };
		009319252305612B00DC2424 /* KSMultistageSuperScrollView.h */ = {isa = PBXFileReference; fileEncoding = 4; lastKnownFileType = sourcecode.c.h; path = KSMultistageSuperScrollView.h; sourceTree = "<group>"; };
		0C27BE146EBF05B44E3759F8 /* Pods-HTMLDemo.debug.xcconfig */ = {isa = PBXFileReference; includeInIndex = 1; lastKnownFileType = text.xcconfig; name = "Pods-HTMLDemo.debug.xcconfig"; path = "Target Support Files/Pods-HTMLDemo/Pods-HTMLDemo.debug.xcconfig"; sourceTree = "<group>"; };
		1414372AF7D3689BC4E1CD0C /* libPods-HTMLDemo.a */ = {isa = PBXFileReference; explicitFileType = archive.ar; includeInIndex = 0; path = "libPods-HTMLDemo.a"; sourceTree = BUILT_PRODUCTS_DIR; };
		1B910D650BF9774A69EC9011 /* Pods-HTMLDemo.release.xcconfig */ = {isa = PBXFileReference; includeInIndex = 1; lastKnownFileType = text.xcconfig; name = "Pods-HTMLDemo.release.xcconfig"; path = "Target Support Files/Pods-HTMLDemo/Pods-HTMLDemo.release.xcconfig"; sourceTree = "<group>"; };
/* End PBXFileReference section */

/* Begin PBXFrameworksBuildPhase section */
		004C3C182302881B00AE7F28 /* Frameworks */ = {
			isa = PBXFrameworksBuildPhase;
			buildActionMask = 2147483647;
			files = (
				30541C6ACCC16557F2924CA9 /* libPods-HTMLDemo.a in Frameworks */,
			);
			runOnlyForDeploymentPostprocessing = 0;
		};
		004C3C302302881F00AE7F28 /* Frameworks */ = {
			isa = PBXFrameworksBuildPhase;
			buildActionMask = 2147483647;
			files = (
			);
			runOnlyForDeploymentPostprocessing = 0;
		};
		004C3C3B2302881F00AE7F28 /* Frameworks */ = {
			isa = PBXFrameworksBuildPhase;
			buildActionMask = 2147483647;
			files = (
			);
			runOnlyForDeploymentPostprocessing = 0;
		};
/* End PBXFrameworksBuildPhase section */

/* Begin PBXGroup section */
		004C3C122302881B00AE7F28 = {
			isa = PBXGroup;
			children = (
				004C3C1D2302881B00AE7F28 /* HTMLDemo */,
				004C3C362302881F00AE7F28 /* HTMLDemoTests */,
				004C3C412302881F00AE7F28 /* HTMLDemoUITests */,
				004C3C1C2302881B00AE7F28 /* Products */,
				A23091732CC4C4A64E900DEE /* Pods */,
				E6922C4F9004DE0AC2E028B7 /* Frameworks */,
			);
			sourceTree = "<group>";
		};
		004C3C1C2302881B00AE7F28 /* Products */ = {
			isa = PBXGroup;
			children = (
				004C3C1B2302881B00AE7F28 /* HTMLDemo.app */,
				004C3C332302881F00AE7F28 /* HTMLDemoTests.xctest */,
				004C3C3E2302881F00AE7F28 /* HTMLDemoUITests.xctest */,
			);
			name = Products;
			sourceTree = "<group>";
		};
		004C3C1D2302881B00AE7F28 /* HTMLDemo */ = {
			isa = PBXGroup;
			children = (
				0093190423053B9D00DC2424 /* KSMultistageScrollViewHelper */,
				0093191723055C6200DC2424 /* KSMultistageSuperScrollViews */,
				00931927230564AD00DC2424 /* KSAdaptiveHtmlViews */,
				00797B6C23067DFD00F24874 /* ViewControllers */,
				004C3C1E2302881B00AE7F28 /* AppDelegate.h */,
				004C3C1F2302881B00AE7F28 /* AppDelegate.m */,
				004C3C212302881B00AE7F28 /* ViewController.h */,
				004C3C222302881B00AE7F28 /* ViewController.m */,
				0017F2B123050888008AD9BD /* HtmlTableViewCell.h */,
				0017F2B223050888008AD9BD /* HtmlTableViewCell.m */,
				004C3C242302881B00AE7F28 /* Main.storyboard */,
				004C3C272302881E00AE7F28 /* Assets.xcassets */,
				004C3C292302881E00AE7F28 /* LaunchScreen.storyboard */,
				004C3C2C2302881E00AE7F28 /* Info.plist */,
				004C3C2D2302881F00AE7F28 /* main.m */,
			);
			path = HTMLDemo;
			sourceTree = "<group>";
		};
		004C3C362302881F00AE7F28 /* HTMLDemoTests */ = {
			isa = PBXGroup;
			children = (
				004C3C372302881F00AE7F28 /* HTMLDemoTests.m */,
				004C3C392302881F00AE7F28 /* Info.plist */,
			);
			path = HTMLDemoTests;
			sourceTree = "<group>";
		};
		004C3C412302881F00AE7F28 /* HTMLDemoUITests */ = {
			isa = PBXGroup;
			children = (
				004C3C422302881F00AE7F28 /* HTMLDemoUITests.m */,
				004C3C442302881F00AE7F28 /* Info.plist */,
			);
			path = HTMLDemoUITests;
			sourceTree = "<group>";
		};
		00797B6C23067DFD00F24874 /* ViewControllers */ = {
			isa = PBXGroup;
			children = (
				00797B6923067C4C00F24874 /* FirstViewController.h */,
				00797B6A23067C4C00F24874 /* FirstViewController.m */,
				00797B6D23067E2100F24874 /* SecondViewController.h */,
				00797B6E23067E2100F24874 /* SecondViewController.m */,
				00797B702306815000F24874 /* ThirdViewController.h */,
				00797B712306815000F24874 /* ThirdViewController.m */,
				00797B792306888600F24874 /* FourthViewController.h */,
				00797B7A2306888600F24874 /* FourthViewController.m */,
				00797B7C230689BB00F24874 /* FifthViewController.h */,
				00797B7D230689BB00F24874 /* FifthViewController.m */,
				0093191E23055C9800DC2424 /* ScrollViewViewController.h */,
				0093191F23055C9800DC2424 /* ScrollViewViewController.m */,
			);
			path = ViewControllers;
			sourceTree = "<group>";
		};
		0093190423053B9D00DC2424 /* KSMultistageScrollViewHelper */ = {
			isa = PBXGroup;
			children = (
				0093190523053BB700DC2424 /* KSMultistageScrollViewHelper.h */,
				0093190623053BB700DC2424 /* KSMultistageScrollViewHelper.m */,
				0093190E23055A6B00DC2424 /* KSMultistageScrollViewProxy.h */,
				0093190F23055A6B00DC2424 /* KSMultistageScrollViewProxy.m */,
			);
			path = KSMultistageScrollViewHelper;
			sourceTree = "<group>";
		};
		0093191723055C6200DC2424 /* KSMultistageSuperScrollViews */ = {
			isa = PBXGroup;
			children = (
				00931921230560F700DC2424 /* KSMultistageSuperTableView.h */,
				00931922230560F700DC2424 /* KSMultistageSuperTableView.m */,
				009319252305612B00DC2424 /* KSMultistageSuperScrollView.h */,
				009319242305612A00DC2424 /* KSMultistageSuperScrollView.m */,
			);
			path = KSMultistageSuperScrollViews;
			sourceTree = "<group>";
		};
		00931927230564AD00DC2424 /* KSAdaptiveHtmlViews */ = {
			isa = PBXGroup;
			children = (
				00797B76230684A100F24874 /* KSAdaptiveHtmlView.h */,
				00797B77230684A100F24874 /* KSAdaptiveHtmlView.m */,
				00797B732306823A00F24874 /* KSAdaptiveHTMLCell.h */,
				00797B742306823A00F24874 /* KSAdaptiveHTMLCell.m */,
			);
			path = KSAdaptiveHtmlViews;
			sourceTree = "<group>";
		};
		A23091732CC4C4A64E900DEE /* Pods */ = {
			isa = PBXGroup;
			children = (
				0C27BE146EBF05B44E3759F8 /* Pods-HTMLDemo.debug.xcconfig */,
				1B910D650BF9774A69EC9011 /* Pods-HTMLDemo.release.xcconfig */,
			);
			path = Pods;
			sourceTree = "<group>";
		};
		E6922C4F9004DE0AC2E028B7 /* Frameworks */ = {
			isa = PBXGroup;
			children = (
				1414372AF7D3689BC4E1CD0C /* libPods-HTMLDemo.a */,
			);
			name = Frameworks;
			sourceTree = "<group>";
		};
/* End PBXGroup section */

/* Begin PBXNativeTarget section */
		004C3C1A2302881B00AE7F28 /* HTMLDemo */ = {
			isa = PBXNativeTarget;
			buildConfigurationList = 004C3C472302881F00AE7F28 /* Build configuration list for PBXNativeTarget "HTMLDemo" */;
			buildPhases = (
				442E7CFE2BDC1206B91A5128 /* [CP] Check Pods Manifest.lock */,
				004C3C172302881B00AE7F28 /* Sources */,
				004C3C182302881B00AE7F28 /* Frameworks */,
				004C3C192302881B00AE7F28 /* Resources */,
			);
			buildRules = (
			);
			dependencies = (
			);
			name = HTMLDemo;
			productName = HTMLDemo;
			productReference = 004C3C1B2302881B00AE7F28 /* HTMLDemo.app */;
			productType = "com.apple.product-type.application";
		};
		004C3C322302881F00AE7F28 /* HTMLDemoTests */ = {
			isa = PBXNativeTarget;
			buildConfigurationList = 004C3C4A2302881F00AE7F28 /* Build configuration list for PBXNativeTarget "HTMLDemoTests" */;
			buildPhases = (
				004C3C2F2302881F00AE7F28 /* Sources */,
				004C3C302302881F00AE7F28 /* Frameworks */,
				004C3C312302881F00AE7F28 /* Resources */,
			);
			buildRules = (
			);
			dependencies = (
				004C3C352302881F00AE7F28 /* PBXTargetDependency */,
			);
			name = HTMLDemoTests;
			productName = HTMLDemoTests;
			productReference = 004C3C332302881F00AE7F28 /* HTMLDemoTests.xctest */;
			productType = "com.apple.product-type.bundle.unit-test";
		};
		004C3C3D2302881F00AE7F28 /* HTMLDemoUITests */ = {
			isa = PBXNativeTarget;
			buildConfigurationList = 004C3C4D2302881F00AE7F28 /* Build configuration list for PBXNativeTarget "HTMLDemoUITests" */;
			buildPhases = (
				004C3C3A2302881F00AE7F28 /* Sources */,
				004C3C3B2302881F00AE7F28 /* Frameworks */,
				004C3C3C2302881F00AE7F28 /* Resources */,
			);
			buildRules = (
			);
			dependencies = (
				004C3C402302881F00AE7F28 /* PBXTargetDependency */,
			);
			name = HTMLDemoUITests;
			productName = HTMLDemoUITests;
			productReference = 004C3C3E2302881F00AE7F28 /* HTMLDemoUITests.xctest */;
			productType = "com.apple.product-type.bundle.ui-testing";
		};
/* End PBXNativeTarget section */

/* Begin PBXProject section */
		004C3C132302881B00AE7F28 /* Project object */ = {
			isa = PBXProject;
			attributes = {
				LastUpgradeCheck = 1020;
				ORGANIZATIONNAME = Klaus;
				TargetAttributes = {
					004C3C1A2302881B00AE7F28 = {
						CreatedOnToolsVersion = 10.2.1;
					};
					004C3C322302881F00AE7F28 = {
						CreatedOnToolsVersion = 10.2.1;
						TestTargetID = 004C3C1A2302881B00AE7F28;
					};
					004C3C3D2302881F00AE7F28 = {
						CreatedOnToolsVersion = 10.2.1;
						TestTargetID = 004C3C1A2302881B00AE7F28;
					};
				};
			};
			buildConfigurationList = 004C3C162302881B00AE7F28 /* Build configuration list for PBXProject "HTMLDemo" */;
			compatibilityVersion = "Xcode 9.3";
			developmentRegion = en;
			hasScannedForEncodings = 0;
			knownRegions = (
				en,
				Base,
			);
			mainGroup = 004C3C122302881B00AE7F28;
			productRefGroup = 004C3C1C2302881B00AE7F28 /* Products */;
			projectDirPath = "";
			projectRoot = "";
			targets = (
				004C3C1A2302881B00AE7F28 /* HTMLDemo */,
				004C3C322302881F00AE7F28 /* HTMLDemoTests */,
				004C3C3D2302881F00AE7F28 /* HTMLDemoUITests */,
			);
		};
/* End PBXProject section */

/* Begin PBXResourcesBuildPhase section */
		004C3C192302881B00AE7F28 /* Resources */ = {
			isa = PBXResourcesBuildPhase;
			buildActionMask = 2147483647;
			files = (
				004C3C2B2302881E00AE7F28 /* LaunchScreen.storyboard in Resources */,
				004C3C282302881E00AE7F28 /* Assets.xcassets in Resources */,
				004C3C262302881B00AE7F28 /* Main.storyboard in Resources */,
			);
			runOnlyForDeploymentPostprocessing = 0;
		};
		004C3C312302881F00AE7F28 /* Resources */ = {
			isa = PBXResourcesBuildPhase;
			buildActionMask = 2147483647;
			files = (
			);
			runOnlyForDeploymentPostprocessing = 0;
		};
		004C3C3C2302881F00AE7F28 /* Resources */ = {
			isa = PBXResourcesBuildPhase;
			buildActionMask = 2147483647;
			files = (
			);
			runOnlyForDeploymentPostprocessing = 0;
		};
/* End PBXResourcesBuildPhase section */

/* Begin PBXShellScriptBuildPhase section */
		442E7CFE2BDC1206B91A5128 /* [CP] Check Pods Manifest.lock */ = {
			isa = PBXShellScriptBuildPhase;
			buildActionMask = 2147483647;
			files = (
			);
			inputFileListPaths = (
			);
			inputPaths = (
				"${PODS_PODFILE_DIR_PATH}/Podfile.lock",
				"${PODS_ROOT}/Manifest.lock",
			);
			name = "[CP] Check Pods Manifest.lock";
			outputFileListPaths = (
			);
			outputPaths = (
				"$(DERIVED_FILE_DIR)/Pods-HTMLDemo-checkManifestLockResult.txt",
			);
			runOnlyForDeploymentPostprocessing = 0;
			shellPath = /bin/sh;
			shellScript = "diff \"${PODS_PODFILE_DIR_PATH}/Podfile.lock\" \"${PODS_ROOT}/Manifest.lock\" > /dev/null\nif [ $? != 0 ] ; then\n    # print error to STDERR\n    echo \"error: The sandbox is not in sync with the Podfile.lock. Run 'pod install' or update your CocoaPods installation.\" >&2\n    exit 1\nfi\n# This output is used by Xcode 'outputs' to avoid re-running this script phase.\necho \"SUCCESS\" > \"${SCRIPT_OUTPUT_FILE_0}\"\n";
			showEnvVarsInLog = 0;
		};
/* End PBXShellScriptBuildPhase section */

/* Begin PBXSourcesBuildPhase section */
		004C3C172302881B00AE7F28 /* Sources */ = {
			isa = PBXSourcesBuildPhase;
			buildActionMask = 2147483647;
			files = (
				00797B7E230689BB00F24874 /* FifthViewController.m in Sources */,
				009319262305612B00DC2424 /* KSMultistageSuperScrollView.m in Sources */,
				00797B6F23067E2100F24874 /* SecondViewController.m in Sources */,
				00797B752306823A00F24874 /* KSAdaptiveHTMLCell.m in Sources */,
				0093191023055A6B00DC2424 /* KSMultistageScrollViewProxy.m in Sources */,
				0093190723053BB700DC2424 /* KSMultistageScrollViewHelper.m in Sources */,
				00931923230560F700DC2424 /* KSMultistageSuperTableView.m in Sources */,
				00797B7B2306888600F24874 /* FourthViewController.m in Sources */,
				00797B722306815000F24874 /* ThirdViewController.m in Sources */,
				004C3C232302881B00AE7F28 /* ViewController.m in Sources */,
				0017F2B323050888008AD9BD /* HtmlTableViewCell.m in Sources */,
				00797B6B23067C4C00F24874 /* FirstViewController.m in Sources */,
				004C3C2E2302881F00AE7F28 /* main.m in Sources */,
				00797B78230684A100F24874 /* KSAdaptiveHtmlView.m in Sources */,
				004C3C202302881B00AE7F28 /* AppDelegate.m in Sources */,
				0093192023055C9800DC2424 /* ScrollViewViewController.m in Sources */,
			);
			runOnlyForDeploymentPostprocessing = 0;
		};
		004C3C2F2302881F00AE7F28 /* Sources */ = {
			isa = PBXSourcesBuildPhase;
			buildActionMask = 2147483647;
			files = (
				004C3C382302881F00AE7F28 /* HTMLDemoTests.m in Sources */,
			);
			runOnlyForDeploymentPostprocessing = 0;
		};
		004C3C3A2302881F00AE7F28 /* Sources */ = {
			isa = PBXSourcesBuildPhase;
			buildActionMask = 2147483647;
			files = (
				004C3C432302881F00AE7F28 /* HTMLDemoUITests.m in Sources */,
			);
			runOnlyForDeploymentPostprocessing = 0;
		};
/* End PBXSourcesBuildPhase section */

/* Begin PBXTargetDependency section */
		004C3C352302881F00AE7F28 /* PBXTargetDependency */ = {
			isa = PBXTargetDependency;
			target = 004C3C1A2302881B00AE7F28 /* HTMLDemo */;
			targetProxy = 004C3C342302881F00AE7F28 /* PBXContainerItemProxy */;
		};
		004C3C402302881F00AE7F28 /* PBXTargetDependency */ = {
			isa = PBXTargetDependency;
			target = 004C3C1A2302881B00AE7F28 /* HTMLDemo */;
			targetProxy = 004C3C3F2302881F00AE7F28 /* PBXContainerItemProxy */;
		};
/* End PBXTargetDependency section */

/* Begin PBXVariantGroup section */
		004C3C242302881B00AE7F28 /* Main.storyboard */ = {
			isa = PBXVariantGroup;
			children = (
				004C3C252302881B00AE7F28 /* Base */,
			);
			name = Main.storyboard;
			sourceTree = "<group>";
		};
		004C3C292302881E00AE7F28 /* LaunchScreen.storyboard */ = {
			isa = PBXVariantGroup;
			children = (
				004C3C2A2302881E00AE7F28 /* Base */,
			);
			name = LaunchScreen.storyboard;
			sourceTree = "<group>";
		};
/* End PBXVariantGroup section */

/* Begin XCBuildConfiguration section */
		004C3C452302881F00AE7F28 /* Debug */ = {
			isa = XCBuildConfiguration;
			buildSettings = {
				ALWAYS_SEARCH_USER_PATHS = NO;
				CLANG_ANALYZER_NONNULL = YES;
				CLANG_ANALYZER_NUMBER_OBJECT_CONVERSION = YES_AGGRESSIVE;
				CLANG_CXX_LANGUAGE_STANDARD = "gnu++14";
				CLANG_CXX_LIBRARY = "libc++";
				CLANG_ENABLE_MODULES = YES;
				CLANG_ENABLE_OBJC_ARC = YES;
				CLANG_ENABLE_OBJC_WEAK = YES;
				CLANG_WARN_BLOCK_CAPTURE_AUTORELEASING = YES;
				CLANG_WARN_BOOL_CONVERSION = YES;
				CLANG_WARN_COMMA = YES;
				CLANG_WARN_CONSTANT_CONVERSION = YES;
				CLANG_WARN_DEPRECATED_OBJC_IMPLEMENTATIONS = YES;
				CLANG_WARN_DIRECT_OBJC_ISA_USAGE = YES_ERROR;
				CLANG_WARN_DOCUMENTATION_COMMENTS = YES;
				CLANG_WARN_EMPTY_BODY = YES;
				CLANG_WARN_ENUM_CONVERSION = YES;
				CLANG_WARN_INFINITE_RECURSION = YES;
				CLANG_WARN_INT_CONVERSION = YES;
				CLANG_WARN_NON_LITERAL_NULL_CONVERSION = YES;
				CLANG_WARN_OBJC_IMPLICIT_RETAIN_SELF = YES;
				CLANG_WARN_OBJC_LITERAL_CONVERSION = YES;
				CLANG_WARN_OBJC_ROOT_CLASS = YES_ERROR;
				CLANG_WARN_RANGE_LOOP_ANALYSIS = YES;
				CLANG_WARN_STRICT_PROTOTYPES = YES;
				CLANG_WARN_SUSPICIOUS_MOVE = YES;
				CLANG_WARN_UNGUARDED_AVAILABILITY = YES_AGGRESSIVE;
				CLANG_WARN_UNREACHABLE_CODE = YES;
				CLANG_WARN__DUPLICATE_METHOD_MATCH = YES;
				CODE_SIGN_IDENTITY = "iPhone Developer";
				COPY_PHASE_STRIP = NO;
				DEBUG_INFORMATION_FORMAT = dwarf;
				ENABLE_STRICT_OBJC_MSGSEND = YES;
				ENABLE_TESTABILITY = YES;
				GCC_C_LANGUAGE_STANDARD = gnu11;
				GCC_DYNAMIC_NO_PIC = NO;
				GCC_NO_COMMON_BLOCKS = YES;
				GCC_OPTIMIZATION_LEVEL = 0;
				GCC_PREPROCESSOR_DEFINITIONS = (
					"DEBUG=1",
					"$(inherited)",
				);
				GCC_WARN_64_TO_32_BIT_CONVERSION = YES;
				GCC_WARN_ABOUT_RETURN_TYPE = YES_ERROR;
				GCC_WARN_UNDECLARED_SELECTOR = YES;
				GCC_WARN_UNINITIALIZED_AUTOS = YES_AGGRESSIVE;
				GCC_WARN_UNUSED_FUNCTION = YES;
				GCC_WARN_UNUSED_VARIABLE = YES;
				IPHONEOS_DEPLOYMENT_TARGET = 12.2;
				MTL_ENABLE_DEBUG_INFO = INCLUDE_SOURCE;
				MTL_FAST_MATH = YES;
				ONLY_ACTIVE_ARCH = YES;
				SDKROOT = iphoneos;
			};
			name = Debug;
		};
		004C3C462302881F00AE7F28 /* Release */ = {
			isa = XCBuildConfiguration;
			buildSettings = {
				ALWAYS_SEARCH_USER_PATHS = NO;
				CLANG_ANALYZER_NONNULL = YES;
				CLANG_ANALYZER_NUMBER_OBJECT_CONVERSION = YES_AGGRESSIVE;
				CLANG_CXX_LANGUAGE_STANDARD = "gnu++14";
				CLANG_CXX_LIBRARY = "libc++";
				CLANG_ENABLE_MODULES = YES;
				CLANG_ENABLE_OBJC_ARC = YES;
				CLANG_ENABLE_OBJC_WEAK = YES;
				CLANG_WARN_BLOCK_CAPTURE_AUTORELEASING = YES;
				CLANG_WARN_BOOL_CONVERSION = YES;
				CLANG_WARN_COMMA = YES;
				CLANG_WARN_CONSTANT_CONVERSION = YES;
				CLANG_WARN_DEPRECATED_OBJC_IMPLEMENTATIONS = YES;
				CLANG_WARN_DIRECT_OBJC_ISA_USAGE = YES_ERROR;
				CLANG_WARN_DOCUMENTATION_COMMENTS = YES;
				CLANG_WARN_EMPTY_BODY = YES;
				CLANG_WARN_ENUM_CONVERSION = YES;
				CLANG_WARN_INFINITE_RECURSION = YES;
				CLANG_WARN_INT_CONVERSION = YES;
				CLANG_WARN_NON_LITERAL_NULL_CONVERSION = YES;
				CLANG_WARN_OBJC_IMPLICIT_RETAIN_SELF = YES;
				CLANG_WARN_OBJC_LITERAL_CONVERSION = YES;
				CLANG_WARN_OBJC_ROOT_CLASS = YES_ERROR;
				CLANG_WARN_RANGE_LOOP_ANALYSIS = YES;
				CLANG_WARN_STRICT_PROTOTYPES = YES;
				CLANG_WARN_SUSPICIOUS_MOVE = YES;
				CLANG_WARN_UNGUARDED_AVAILABILITY = YES_AGGRESSIVE;
				CLANG_WARN_UNREACHABLE_CODE = YES;
				CLANG_WARN__DUPLICATE_METHOD_MATCH = YES;
				CODE_SIGN_IDENTITY = "iPhone Developer";
				COPY_PHASE_STRIP = NO;
				DEBUG_INFORMATION_FORMAT = "dwarf-with-dsym";
				ENABLE_NS_ASSERTIONS = NO;
				ENABLE_STRICT_OBJC_MSGSEND = YES;
				GCC_C_LANGUAGE_STANDARD = gnu11;
				GCC_NO_COMMON_BLOCKS = YES;
				GCC_WARN_64_TO_32_BIT_CONVERSION = YES;
				GCC_WARN_ABOUT_RETURN_TYPE = YES_ERROR;
				GCC_WARN_UNDECLARED_SELECTOR = YES;
				GCC_WARN_UNINITIALIZED_AUTOS = YES_AGGRESSIVE;
				GCC_WARN_UNUSED_FUNCTION = YES;
				GCC_WARN_UNUSED_VARIABLE = YES;
				IPHONEOS_DEPLOYMENT_TARGET = 12.2;
				MTL_ENABLE_DEBUG_INFO = NO;
				MTL_FAST_MATH = YES;
				SDKROOT = iphoneos;
				VALIDATE_PRODUCT = YES;
			};
			name = Release;
		};
		004C3C482302881F00AE7F28 /* Debug */ = {
			isa = XCBuildConfiguration;
			baseConfigurationReference = 0C27BE146EBF05B44E3759F8 /* Pods-HTMLDemo.debug.xcconfig */;
			buildSettings = {
				ASSETCATALOG_COMPILER_APPICON_NAME = AppIcon;
				CODE_SIGN_STYLE = Automatic;
				DEVELOPMENT_TEAM = 5BVGD2SKB2;
				INFOPLIST_FILE = HTMLDemo/Info.plist;
				IPHONEOS_DEPLOYMENT_TARGET = 9.0;
				LD_RUNPATH_SEARCH_PATHS = (
					"$(inherited)",
					"@executable_path/Frameworks",
				);
				PRODUCT_BUNDLE_IDENTIFIER = Kirito.HTMLDemo;
				PRODUCT_NAME = "$(TARGET_NAME)";
				TARGETED_DEVICE_FAMILY = "1,2";
			};
			name = Debug;
		};
		004C3C492302881F00AE7F28 /* Release */ = {
			isa = XCBuildConfiguration;
			baseConfigurationReference = 1B910D650BF9774A69EC9011 /* Pods-HTMLDemo.release.xcconfig */;
			buildSettings = {
				ASSETCATALOG_COMPILER_APPICON_NAME = AppIcon;
				CODE_SIGN_STYLE = Automatic;
				DEVELOPMENT_TEAM = 5BVGD2SKB2;
				INFOPLIST_FILE = HTMLDemo/Info.plist;
				IPHONEOS_DEPLOYMENT_TARGET = 9.0;
				LD_RUNPATH_SEARCH_PATHS = (
					"$(inherited)",
					"@executable_path/Frameworks",
				);
				PRODUCT_BUNDLE_IDENTIFIER = Kirito.HTMLDemo;
				PRODUCT_NAME = "$(TARGET_NAME)";
				TARGETED_DEVICE_FAMILY = "1,2";
			};
			name = Release;
		};
		004C3C4B2302881F00AE7F28 /* Debug */ = {
			isa = XCBuildConfiguration;
			buildSettings = {
				BUNDLE_LOADER = "$(TEST_HOST)";
				CODE_SIGN_STYLE = Automatic;
				DEVELOPMENT_TEAM = 5BVGD2SKB2;
				INFOPLIST_FILE = HTMLDemoTests/Info.plist;
				LD_RUNPATH_SEARCH_PATHS = (
					"$(inherited)",
					"@executable_path/Frameworks",
					"@loader_path/Frameworks",
				);
				PRODUCT_BUNDLE_IDENTIFIER = Kirito.HTMLDemoTests;
				PRODUCT_NAME = "$(TARGET_NAME)";
				TARGETED_DEVICE_FAMILY = "1,2";
				TEST_HOST = "$(BUILT_PRODUCTS_DIR)/HTMLDemo.app/HTMLDemo";
			};
			name = Debug;
		};
		004C3C4C2302881F00AE7F28 /* Release */ = {
			isa = XCBuildConfiguration;
			buildSettings = {
				BUNDLE_LOADER = "$(TEST_HOST)";
				CODE_SIGN_STYLE = Automatic;
				DEVELOPMENT_TEAM = 5BVGD2SKB2;
				INFOPLIST_FILE = HTMLDemoTests/Info.plist;
				LD_RUNPATH_SEARCH_PATHS = (
					"$(inherited)",
					"@executable_path/Frameworks",
					"@loader_path/Frameworks",
				);
				PRODUCT_BUNDLE_IDENTIFIER = Kirito.HTMLDemoTests;
				PRODUCT_NAME = "$(TARGET_NAME)";
				TARGETED_DEVICE_FAMILY = "1,2";
				TEST_HOST = "$(BUILT_PRODUCTS_DIR)/HTMLDemo.app/HTMLDemo";
			};
			name = Release;
		};
		004C3C4E2302881F00AE7F28 /* Debug */ = {
			isa = XCBuildConfiguration;
			buildSettings = {
				CODE_SIGN_STYLE = Automatic;
				DEVELOPMENT_TEAM = 5BVGD2SKB2;
				INFOPLIST_FILE = HTMLDemoUITests/Info.plist;
				LD_RUNPATH_SEARCH_PATHS = (
					"$(inherited)",
					"@executable_path/Frameworks",
					"@loader_path/Frameworks",
				);
				PRODUCT_BUNDLE_IDENTIFIER = Kirito.HTMLDemoUITests;
				PRODUCT_NAME = "$(TARGET_NAME)";
				TARGETED_DEVICE_FAMILY = "1,2";
				TEST_TARGET_NAME = HTMLDemo;
			};
			name = Debug;
		};
		004C3C4F2302881F00AE7F28 /* Release */ = {
			isa = XCBuildConfiguration;
			buildSettings = {
				CODE_SIGN_STYLE = Automatic;
				DEVELOPMENT_TEAM = 5BVGD2SKB2;
				INFOPLIST_FILE = HTMLDemoUITests/Info.plist;
				LD_RUNPATH_SEARCH_PATHS = (
					"$(inherited)",
					"@executable_path/Frameworks",
					"@loader_path/Frameworks",
				);
				PRODUCT_BUNDLE_IDENTIFIER = Kirito.HTMLDemoUITests;
				PRODUCT_NAME = "$(TARGET_NAME)";
				TARGETED_DEVICE_FAMILY = "1,2";
				TEST_TARGET_NAME = HTMLDemo;
			};
			name = Release;
		};
/* End XCBuildConfiguration section */

/* Begin XCConfigurationList section */
		004C3C162302881B00AE7F28 /* Build configuration list for PBXProject "HTMLDemo" */ = {
			isa = XCConfigurationList;
			buildConfigurations = (
				004C3C452302881F00AE7F28 /* Debug */,
				004C3C462302881F00AE7F28 /* Release */,
			);
			defaultConfigurationIsVisible = 0;
			defaultConfigurationName = Release;
		};
		004C3C472302881F00AE7F28 /* Build configuration list for PBXNativeTarget "HTMLDemo" */ = {
			isa = XCConfigurationList;
			buildConfigurations = (
				004C3C482302881F00AE7F28 /* Debug */,
				004C3C492302881F00AE7F28 /* Release */,
			);
			defaultConfigurationIsVisible = 0;
			defaultConfigurationName = Release;
		};
		004C3C4A2302881F00AE7F28 /* Build configuration list for PBXNativeTarget "HTMLDemoTests" */ = {
			isa = XCConfigurationList;
			buildConfigurations = (
				004C3C4B2302881F00AE7F28 /* Debug */,
				004C3C4C2302881F00AE7F28 /* Release */,
			);
			defaultConfigurationIsVisible = 0;
			defaultConfigurationName = Release;
		};
		004C3C4D2302881F00AE7F28 /* Build configuration list for PBXNativeTarget "HTMLDemoUITests" */ = {
			isa = XCConfigurationList;
			buildConfigurations = (
				004C3C4E2302881F00AE7F28 /* Debug */,
				004C3C4F2302881F00AE7F28 /* Release */,
			);
			defaultConfigurationIsVisible = 0;
			defaultConfigurationName = Release;
		};
/* End XCConfigurationList section */
	};
	rootObject = 004C3C132302881B00AE7F28 /* Project object */;
}
